
Microsoft Visual Studio Solution File, Format Version 12.00
# Visual Studio Version 17
VisualStudioVersion = 17.0.31903.59
MinimumVisualStudioVersion = 10.0.40219.1
Project("{2150E333-8FDC-42A3-9474-1A3956D46DE8}") = "src", "src", "{A1AF1BC2-2633-4EC6-BECF-4909D874D183}"
EndProject
Project("{FAE04EC0-301F-11D3-BF4B-00C04F79EFBC}") = "JellyfinPotPlayerShell.App", "src\JellyfinPotPlayerShell.App\JellyfinPotPlayerShell.App.csproj", "{9EC06CDF-ED80-41BA-9F7B-44653341E596}"
EndProject
Project("{FAE04EC0-301F-11D3-BF4B-00C04F79EFBC}") = "JellyfinPotPlayerShell.Core", "src\JellyfinPotPlayerShell.Core\JellyfinPotPlayerShell.Core.csproj", "{2B4BC2C9-DEC2-4C8C-9CA0-9F9FB5C53D34}"
EndProject
Project("{2150E333-8FDC-42A3-9474-1A3956D46DE8}") = "tests", "tests", "{BD1EFB9D-F0CC-42C3-9E03-DFB9FD53B5BE}"
EndProject
Project("{FAE04EC0-301F-11D3-BF4B-00C04F79EFBC}") = "JellyfinPotPlayerShell.Tests", "tests\JellyfinPotPlayerShell.Tests\JellyfinPotPlayerShell.Tests.csproj", "{1EFAA0B4-11A0-43A6-A069-4D6238E3B4FD}"
EndProject
Global
	GlobalSection(SolutionConfigurationPlatforms) = preSolution
		Debug|Any CPU = Debug|Any CPU
		Release|Any CPU = Release|Any CPU
	EndGlobalSection
	GlobalSection(SolutionProperties) = preSolution
		HideSolutionNode = FALSE
	EndGlobalSection
	GlobalSection(ProjectConfigurationPlatforms) = postSolution
		{9EC06CDF-ED80-41BA-9F7B-44653341E596}.Debug|Any CPU.ActiveCfg = Debug|Any CPU
		{9EC06CDF-ED80-41BA-9F7B-44653341E596}.Debug|Any CPU.Build.0 = Debug|Any CPU
		{9EC06CDF-ED80-41BA-9F7B-44653341E596}.Release|Any CPU.ActiveCfg = Release|Any CPU
		{9EC06CDF-ED80-41BA-9F7B-44653341E596}.Release|Any CPU.Build.0 = Release|Any CPU
		{2B4BC2C9-DEC2-4C8C-9CA0-9F9FB5C53D34}.Debug|Any CPU.ActiveCfg = Debug|Any CPU
		{2B4BC2C9-DEC2-4C8C-9CA0-9F9FB5C53D34}.Debug|Any CPU.Build.0 = Debug|Any CPU
		{2B4BC2C9-DEC2-4C8C-9CA0-9F9FB5C53D34}.Release|Any CPU.ActiveCfg = Release|Any CPU
		{2B4BC2C9-DEC2-4C8C-9CA0-9F9FB5C53D34}.Release|Any CPU.Build.0 = Release|Any CPU
		{1EFAA0B4-11A0-43A6-A069-4D6238E3B4FD}.Debug|Any CPU.ActiveCfg = Debug|Any CPU
		{1EFAA0B4-11A0-43A6-A069-4D6238E3B4FD}.Debug|Any CPU.Build.0 = Debug|Any CPU
		{1EFAA0B4-11A0-43A6-A069-4D6238E3B4FD}.Release|Any CPU.ActiveCfg = Release|Any CPU
		{1EFAA0B4-11A0-43A6-A069-4D6238E3B4FD}.Release|Any CPU.Build.0 = Release|Any CPU
	EndGlobalSection
	GlobalSection(NestedProjects) = preSolution
		{9EC06CDF-ED80-41BA-9F7B-44653341E596} = {A1AF1BC2-2633-4EC6-BECF-4909D874D183}
		{2B4BC2C9-DEC2-4C8C-9CA0-9F9FB5C53D34} = {A1AF1BC2-2633-4EC6-BECF-4909D874D183}
		{1EFAA0B4-11A0-43A6-A069-4D6238E3B4FD} = {BD1EFB9D-F0CC-42C3-9E03-DFB9FD53B5BE}
	EndGlobalSection
EndGlobal
